Microsoft Visual Studio Solution File, Format Version 12.00
# Visual Studio 15
VisualStudioVersion = 15.0.26430.6
MinimumVisualStudioVersion = 10.0.40219.1
Project("{FAE04EC0-301F-11D3-BF4B-00C04F79EFBC}") = "SandboxForms", "SandboxForms\SandboxForms.csproj", "{692310C6-074F-4761-B479-A9B7BC196F5E}"
EndProject
Project("{FAE04EC0-301F-11D3-BF4B-00C04F79EFBC}") = "SandboxForms.iOS", "iOS\SandboxForms.iOS.csproj", "{0296F5CF-7938-491E-BE52-620B222A5572}"
EndProject
Project("{FAE04EC0-301F-11D3-BF4B-00C04F79EFBC}") = "SandboxForms.Droid", "Droid\SandboxForms.Droid.csproj", "{96BDF784-851D-4E10-8841-30C1F9933FE0}"
EndProject
Project("{FAE04EC0-301F-11D3-BF4B-00C04F79EFBC}") = "SandboxForms.UITests", "UITests\SandboxForms.UITests.csproj", "{6C014A14-4E5F-4808-A8D0-8C7C8DC4CBDA}"
EndProject
Project("{FAE04EC0-301F-11D3-BF4B-00C04F79EFBC}") = "SandboxForms.Core", "SandboxForms.Core\SandboxForms.Core.csproj", "{0A174C4B-DE90-43E7-812A-9112D9E04717}"
EndProject
Project("{FAE04EC0-301F-11D3-BF4B-00C04F79EFBC}") = "SandboxForms.UWP", "SandboxForms.UWP\SandboxForms.UWP.csproj", "{B84ED665-190C-432E-9797-C1252707FCBD}"
EndProject
Global
	GlobalSection(SolutionConfigurationPlatforms) = preSolution
		Debug|Any CPU = Debug|Any CPU
		Debug|ARM = Debug|ARM
		Debug|iPhone = Debug|iPhone
		Debug|iPhoneSimulator = Debug|iPhoneSimulator
		Debug|x64 = Debug|x64
		Debug|x86 = Debug|x86
		Release|Any CPU = Release|Any CPU
		Release|ARM = Release|ARM
		Release|iPhone = Release|iPhone
		Release|iPhoneSimulator = Release|iPhoneSimulator
		Release|x64 = Release|x64
		Release|x86 = Release|x86
	EndGlobalSection
	GlobalSection(ProjectConfigurationPlatforms) = postSolution
		{692310C6-074F-4761-B479-A9B7BC196F5E}.Debug|Any CPU.ActiveCfg = Debug|Any CPU
		{692310C6-074F-4761-B479-A9B7BC196F5E}.Debug|Any CPU.Build.0 = Debug|Any CPU
		{692310C6-074F-4761-B479-A9B7BC196F5E}.Debug|ARM.ActiveCfg = Debug|Any CPU
		{692310C6-074F-4761-B479-A9B7BC196F5E}.Debug|ARM.Build.0 = Debug|Any CPU
		{692310C6-074F-4761-B479-A9B7BC196F5E}.Debug|iPhone.ActiveCfg = Debug|Any CPU
		{692310C6-074F-4761-B479-A9B7BC196F5E}.Debug|iPhone.Build.0 = Debug|Any CPU
		{692310C6-074F-4761-B479-A9B7BC196F5E}.Debug|iPhoneSimulator.ActiveCfg = Debug|Any CPU
		{692310C6-074F-4761-B479-A9B7BC196F5E}.Debug|iPhoneSimulator.Build.0 = Debug|Any CPU
		{692310C6-074F-4761-B479-A9B7BC196F5E}.Debug|x64.ActiveCfg = Debug|Any CPU
		{692310C6-074F-4761-B479-A9B7BC196F5E}.Debug|x64.Build.0 = Debug|Any CPU
		{692310C6-074F-4761-B479-A9B7BC196F5E}.Debug|x86.ActiveCfg = Debug|Any CPU
		{692310C6-074F-4761-B479-A9B7BC196F5E}.Debug|x86.Build.0 = Debug|Any CPU
		{692310C6-074F-4761-B479-A9B7BC196F5E}.Release|Any CPU.ActiveCfg = Release|Any CPU
		{692310C6-074F-4761-B479-A9B7BC196F5E}.Release|Any CPU.Build.0 = Release|Any CPU
		{692310C6-074F-4761-B479-A9B7BC196F5E}.Release|ARM.ActiveCfg = Release|Any CPU
		{692310C6-074F-4761-B479-A9B7BC196F5E}.Release|ARM.Build.0 = Release|Any CPU
		{692310C6-074F-4761-B479-A9B7BC196F5E}.Release|iPhone.ActiveCfg = Release|Any CPU
		{692310C6-074F-4761-B479-A9B7BC196F5E}.Release|iPhone.Build.0 = Release|Any CPU
		{692310C6-074F-4761-B479-A9B7BC196F5E}.Release|iPhoneSimulator.ActiveCfg = Release|Any CPU
		{692310C6-074F-4761-B479-A9B7BC196F5E}.Release|iPhoneSimulator.Build.0 = Release|Any CPU
		{692310C6-074F-4761-B479-A9B7BC196F5E}.Release|x64.ActiveCfg = Release|Any CPU
		{692310C6-074F-4761-B479-A9B7BC196F5E}.Release|x64.Build.0 = Release|Any CPU
		{692310C6-074F-4761-B479-A9B7BC196F5E}.Release|x86.ActiveCfg = Release|Any CPU
		{692310C6-074F-4761-B479-A9B7BC196F5E}.Release|x86.Build.0 = Release|Any CPU
		{0296F5CF-7938-491E-BE52-620B222A5572}.Debug|Any CPU.ActiveCfg = Debug|iPhoneSimulator
		{0296F5CF-7938-491E-BE52-620B222A5572}.Debug|ARM.ActiveCfg = Debug|iPhone
		{0296F5CF-7938-491E-BE52-620B222A5572}.Debug|iPhone.ActiveCfg = Debug|iPhone
		{0296F5CF-7938-491E-BE52-620B222A5572}.Debug|iPhone.Build.0 = Debug|iPhone
		{0296F5CF-7938-491E-BE52-620B222A5572}.Debug|iPhoneSimulator.ActiveCfg = Debug|iPhoneSimulator
		{0296F5CF-7938-491E-BE52-620B222A5572}.Debug|iPhoneSimulator.Build.0 = Debug|iPhoneSimulator
		{0296F5CF-7938-491E-BE52-620B222A5572}.Debug|x64.ActiveCfg = Debug|iPhone
		{0296F5CF-7938-491E-BE52-620B222A5572}.Debug|x86.ActiveCfg = Debug|iPhone
		{0296F5CF-7938-491E-BE52-620B222A5572}.Release|Any CPU.ActiveCfg = Release|iPhone
		{0296F5CF-7938-491E-BE52-620B222A5572}.Release|ARM.ActiveCfg = Release|iPhoneSimulator
		{0296F5CF-7938-491E-BE52-620B222A5572}.Release|iPhone.ActiveCfg = Release|iPhone
		{0296F5CF-7938-491E-BE52-620B222A5572}.Release|iPhone.Build.0 = Release|iPhone
		{0296F5CF-7938-491E-BE52-620B222A5572}.Release|iPhoneSimulator.ActiveCfg = Release|iPhoneSimulator
		{0296F5CF-7938-491E-BE52-620B222A5572}.Release|iPhoneSimulator.Build.0 = Release|iPhoneSimulator
		{0296F5CF-7938-491E-BE52-620B222A5572}.Release|x64.ActiveCfg = Release|iPhoneSimulator
		{0296F5CF-7938-491E-BE52-620B222A5572}.Release|x86.ActiveCfg = Release|iPhoneSimulator
		{96BDF784-851D-4E10-8841-30C1F9933FE0}.Debug|Any CPU.ActiveCfg = Debug|Any CPU
		{96BDF784-851D-4E10-8841-30C1F9933FE0}.Debug|Any CPU.Build.0 = Debug|Any CPU
		{96BDF784-851D-4E10-8841-30C1F9933FE0}.Debug|ARM.ActiveCfg = Debug|Any CPU
		{96BDF784-851D-4E10-8841-30C1F9933FE0}.Debug|ARM.Build.0 = Debug|Any CPU
		{96BDF784-851D-4E10-8841-30C1F9933FE0}.Debug|ARM.Deploy.0 = Debug|Any CPU
		{96BDF784-851D-4E10-8841-30C1F9933FE0}.Debug|iPhone.ActiveCfg = Debug|Any CPU
		{96BDF784-851D-4E10-8841-30C1F9933FE0}.Debug|iPhoneSimulator.ActiveCfg = Debug|Any CPU
		{96BDF784-851D-4E10-8841-30C1F9933FE0}.Debug|x64.ActiveCfg = Debug|Any CPU
		{96BDF784-851D-4E10-8841-30C1F9933FE0}.Debug|x64.Build.0 = Debug|Any CPU
		{96BDF784-851D-4E10-8841-30C1F9933FE0}.Debug|x64.Deploy.0 = Debug|Any CPU
		{96BDF784-851D-4E10-8841-30C1F9933FE0}.Debug|x86.ActiveCfg = Debug|Any CPU
		{96BDF784-851D-4E10-8841-30C1F9933FE0}.Release|Any CPU.ActiveCfg = Release|Any CPU
		{96BDF784-851D-4E10-8841-30C1F9933FE0}.Release|Any CPU.Build.0 = Release|Any CPU
		{96BDF784-851D-4E10-8841-30C1F9933FE0}.Release|ARM.ActiveCfg = Release|Any CPU
		{96BDF784-851D-4E10-8841-30C1F9933FE0}.Release|ARM.Build.0 = Release|Any CPU
		{96BDF784-851D-4E10-8841-30C1F9933FE0}.Release|ARM.Deploy.0 = Release|Any CPU
		{96BDF784-851D-4E10-8841-30C1F9933FE0}.Release|iPhone.ActiveCfg = Release|Any CPU
		{96BDF784-851D-4E10-8841-30C1F9933FE0}.Release|iPhoneSimulator.ActiveCfg = Release|Any CPU
		{96BDF784-851D-4E10-8841-30C1F9933FE0}.Release|x64.ActiveCfg = Release|Any CPU
		{96BDF784-851D-4E10-8841-30C1F9933FE0}.Release|x64.Build.0 = Release|Any CPU
		{96BDF784-851D-4E10-8841-30C1F9933FE0}.Release|x64.Deploy.0 = Release|Any CPU
		{96BDF784-851D-4E10-8841-30C1F9933FE0}.Release|x86.ActiveCfg = Release|Any CPU
		{6C014A14-4E5F-4808-A8D0-8C7C8DC4CBDA}.Debug|Any CPU.ActiveCfg = Debug|Any CPU
		{6C014A14-4E5F-4808-A8D0-8C7C8DC4CBDA}.Debug|Any CPU.Build.0 = Debug|Any CPU
		{6C014A14-4E5F-4808-A8D0-8C7C8DC4CBDA}.Debug|ARM.ActiveCfg = Debug|Any CPU
		{6C014A14-4E5F-4808-A8D0-8C7C8DC4CBDA}.Debug|ARM.Build.0 = Debug|Any CPU
		{6C014A14-4E5F-4808-A8D0-8C7C8DC4CBDA}.Debug|iPhone.ActiveCfg = Debug|Any CPU
		{6C014A14-4E5F-4808-A8D0-8C7C8DC4CBDA}.Debug|iPhone.Build.0 = Debug|Any CPU
		{6C014A14-4E5F-4808-A8D0-8C7C8DC4CBDA}.Debug|iPhoneSimulator.ActiveCfg = Debug|Any CPU
		{6C014A14-4E5F-4808-A8D0-8C7C8DC4CBDA}.Debug|iPhoneSimulator.Build.0 = Debug|Any CPU
		{6C014A14-4E5F-4808-A8D0-8C7C8DC4CBDA}.Debug|x64.ActiveCfg = Debug|Any CPU
		{6C014A14-4E5F-4808-A8D0-8C7C8DC4CBDA}.Debug|x64.Build.0 = Debug|Any CPU
		{6C014A14-4E5F-4808-A8D0-8C7C8DC4CBDA}.Debug|x86.ActiveCfg = Debug|Any CPU
		{6C014A14-4E5F-4808-A8D0-8C7C8DC4CBDA}.Debug|x86.Build.0 = Debug|Any CPU
		{6C014A14-4E5F-4808-A8D0-8C7C8DC4CBDA}.Release|Any CPU.ActiveCfg = Release|Any CPU
		{6C014A14-4E5F-4808-A8D0-8C7C8DC4CBDA}.Release|Any CPU.Build.0 = Release|Any CPU
		{6C014A14-4E5F-4808-A8D0-8C7C8DC4CBDA}.Release|ARM.ActiveCfg = Release|Any CPU
		{6C014A14-4E5F-4808-A8D0-8C7C8DC4CBDA}.Release|ARM.Build.0 = Release|Any CPU
		{6C014A14-4E5F-4808-A8D0-8C7C8DC4CBDA}.Release|iPhone.ActiveCfg = Release|Any CPU
		{6C014A14-4E5F-4808-A8D0-8C7C8DC4CBDA}.Release|iPhone.Build.0 = Release|Any CPU
		{6C014A14-4E5F-4808-A8D0-8C7C8DC4CBDA}.Release|iPhoneSimulator.ActiveCfg = Release|Any CPU
		{6C014A14-4E5F-4808-A8D0-8C7C8DC4CBDA}.Release|iPhoneSimulator.Build.0 = Release|Any CPU
		{6C014A14-4E5F-4808-A8D0-8C7C8DC4CBDA}.Release|x64.ActiveCfg = Release|Any CPU
		{6C014A14-4E5F-4808-A8D0-8C7C8DC4CBDA}.Release|x64.Build.0 = Release|Any CPU
		{6C014A14-4E5F-4808-A8D0-8C7C8DC4CBDA}.Release|x86.ActiveCfg = Release|Any CPU
		{6C014A14-4E5F-4808-A8D0-8C7C8DC4CBDA}.Release|x86.Build.0 = Release|Any CPU
		{0A174C4B-DE90-43E7-812A-9112D9E04717}.Debug|Any CPU.ActiveCfg = Debug|Any CPU
		{0A174C4B-DE90-43E7-812A-9112D9E04717}.Debug|Any CPU.Build.0 = Debug|Any CPU
		{0A174C4B-DE90-43E7-812A-9112D9E04717}.Debug|ARM.ActiveCfg = Debug|Any CPU
		{0A174C4B-DE90-43E7-812A-9112D9E04717}.Debug|ARM.Build.0 = Debug|Any CPU
		{0A174C4B-DE90-43E7-812A-9112D9E04717}.Debug|iPhone.ActiveCfg = Debug|Any CPU
		{0A174C4B-DE90-43E7-812A-9112D9E04717}.Debug|iPhone.Build.0 = Debug|Any CPU
		{0A174C4B-DE90-43E7-812A-9112D9E04717}.Debug|iPhoneSimulator.ActiveCfg = Debug|Any CPU
		{0A174C4B-DE90-43E7-812A-9112D9E04717}.Debug|iPhoneSimulator.Build.0 = Debug|Any CPU
		{0A174C4B-DE90-43E7-812A-9112D9E04717}.Debug|x64.ActiveCfg = Debug|Any CPU
		{0A174C4B-DE90-43E7-812A-9112D9E04717}.Debug|x64.Build.0 = Debug|Any CPU
		{0A174C4B-DE90-43E7-812A-9112D9E04717}.Debug|x86.ActiveCfg = Debug|Any CPU
		{0A174C4B-DE90-43E7-812A-9112D9E04717}.Debug|x86.Build.0 = Debug|Any CPU
		{0A174C4B-DE90-43E7-812A-9112D9E04717}.Release|Any CPU.ActiveCfg = Release|Any CPU
		{0A174C4B-DE90-43E7-812A-9112D9E04717}.Release|Any CPU.Build.0 = Release|Any CPU
		{0A174C4B-DE90-43E7-812A-9112D9E04717}.Release|ARM.ActiveCfg = Release|Any CPU
		{0A174C4B-DE90-43E7-812A-9112D9E04717}.Release|ARM.Build.0 = Release|Any CPU
		{0A174C4B-DE90-43E7-812A-9112D9E04717}.Release|iPhone.ActiveCfg = Release|Any CPU
		{0A174C4B-DE90-43E7-812A-9112D9E04717}.Release|iPhone.Build.0 = Release|Any CPU
		{0A174C4B-DE90-43E7-812A-9112D9E04717}.Release|iPhoneSimulator.ActiveCfg = Release|Any CPU
		{0A174C4B-DE90-43E7-812A-9112D9E04717}.Release|iPhoneSimulator.Build.0 = Release|Any CPU
		{0A174C4B-DE90-43E7-812A-9112D9E04717}.Release|x64.ActiveCfg = Release|Any CPU
		{0A174C4B-DE90-43E7-812A-9112D9E04717}.Release|x64.Build.0 = Release|Any CPU
		{0A174C4B-DE90-43E7-812A-9112D9E04717}.Release|x86.ActiveCfg = Release|Any CPU
		{B84ED665-190C-432E-9797-C1252707FCBD}.Debug|Any CPU.ActiveCfg = Debug|x86
		{B84ED665-190C-432E-9797-C1252707FCBD}.Debug|ARM.ActiveCfg = Debug|ARM
		{B84ED665-190C-432E-9797-C1252707FCBD}.Debug|ARM.Build.0 = Debug|ARM
		{B84ED665-190C-432E-9797-C1252707FCBD}.Debug|ARM.Deploy.0 = Debug|ARM
		{B84ED665-190C-432E-9797-C1252707FCBD}.Debug|iPhone.ActiveCfg = Debug|x86
		{B84ED665-190C-432E-9797-C1252707FCBD}.Debug|iPhoneSimulator.ActiveCfg = Debug|x86
		{B84ED665-190C-432E-9797-C1252707FCBD}.Debug|x64.ActiveCfg = Debug|x64
		{B84ED665-190C-432E-9797-C1252707FCBD}.Debug|x64.Build.0 = Debug|x64
		{B84ED665-190C-432E-9797-C1252707FCBD}.Debug|x64.Deploy.0 = Debug|x64
		{B84ED665-190C-432E-9797-C1252707FCBD}.Debug|x86.ActiveCfg = Debug|x86
		{B84ED665-190C-432E-9797-C1252707FCBD}.Debug|x86.Build.0 = Debug|x86
		{B84ED665-190C-432E-9797-C1252707FCBD}.Debug|x86.Deploy.0 = Debug|x86
		{B84ED665-190C-432E-9797-C1252707FCBD}.Release|Any CPU.ActiveCfg = Release|x86
		{B84ED665-190C-432E-9797-C1252707FCBD}.Release|ARM.ActiveCfg = Release|ARM
		{B84ED665-190C-432E-9797-C1252707FCBD}.Release|ARM.Build.0 = Release|ARM
		{B84ED665-190C-432E-9797-C1252707FCBD}.Release|ARM.Deploy.0 = Release|ARM
		{B84ED665-190C-432E-9797-C1252707FCBD}.Release|iPhone.ActiveCfg = Release|x86
		{B84ED665-190C-432E-9797-C1252707FCBD}.Release|iPhoneSimulator.ActiveCfg = Release|x86
		{B84ED665-190C-432E-9797-C1252707FCBD}.Release|x64.ActiveCfg = Release|x64
		{B84ED665-190C-432E-9797-C1252707FCBD}.Release|x64.Build.0 = Release|x64
		{B84ED665-190C-432E-9797-C1252707FCBD}.Release|x64.Deploy.0 = Release|x64
		{B84ED665-190C-432E-9797-C1252707FCBD}.Release|x86.ActiveCfg = Release|x86
		{B84ED665-190C-432E-9797-C1252707FCBD}.Release|x86.Build.0 = Release|x86
		{B84ED665-190C-432E-9797-C1252707FCBD}.Release|x86.Deploy.0 = Release|x86
	EndGlobalSection
	GlobalSection(SolutionProperties) = preSolution
		HideSolutionNode = FALSE
	EndGlobalSection
EndGlobal
